schema: '2.0'
stages:
  build_meta:
    cmd: python pracds_final/data/build_meta.py data/raw/metadata.csv
    deps:
    - path: pracds_final/data/build_meta.py
      md5: 4899076ee7c3418c652cc78ba454458c
      size: 3655
    params:
      params.yaml:
        build.meta.queries:
        - cnt:"United States"
    outs:
    - path: data/raw/metadata.csv
      md5: 0f787250afb3f905bc8406d5affa15ab
      size: 47794273
